
Microsoft Visual Studio Solution File, Format Version 12.00
# Visual Studio Version 17
VisualStudioVersion = 17.14.37314.3
MinimumVisualStudioVersion = 10.0.40219.1
Project("{FAE04EC0-301F-11D3-BF4B-00C04F79EFBC}") = "BOTB64.Client", "botb64.client\BOTB64.Client.csproj", "{318D778C-FCE5-498D-9EAE-DCFD57518FB9}"
EndProject
Project("{FAE04EC0-301F-11D3-BF4B-00C04F79EFBC}") = "BOTB64.Shared", "BOTB64.Shared\BOTB64.Shared.csproj", "{6535F25B-6694-4CA7-A72D-D7287E661C0F}"
EndProject
Project("{FAE04EC0-301F-11D3-BF4B-00C04F79EFBC}") = "BOTB64.Server", "BOTB64.Server\BOTB64.Server.csproj", "{EC1A66A3-43C2-46FF-B8C2-1D4879175458}"
EndProject
Project("{FAE04EC0-301F-11D3-BF4B-00C04F79EFBC}") = "BOTB64.Packer", "BOTB64.Packer\BOTB64.Packer.csproj", "{1434144A-2A72-2B34-5DDF-88E32A91D56C}"
EndProject
Global
	GlobalSection(SolutionConfigurationPlatforms) = preSolution
		Debug|Any CPU = Debug|Any CPU
		Debug|x64 = Debug|x64
		Debug|x86 = Debug|x86
		Release|Any CPU = Release|Any CPU
		Release|x64 = Release|x64
		Release|x86 = Release|x86
	EndGlobalSection
	GlobalSection(ProjectConfigurationPlatforms) = postSolution
		{318D778C-FCE5-498D-9EAE-DCFD57518FB9}.Debug|Any CPU.ActiveCfg = Debug|Any CPU
		{318D778C-FCE5-498D-9EAE-DCFD57518FB9}.Debug|Any CPU.Build.0 = Debug|Any CPU
		{318D778C-FCE5-498D-9EAE-DCFD57518FB9}.Debug|x64.ActiveCfg = Debug|Any CPU
		{318D778C-FCE5-498D-9EAE-DCFD57518FB9}.Debug|x64.Build.0 = Debug|Any CPU
		{318D778C-FCE5-498D-9EAE-DCFD57518FB9}.Debug|x86.ActiveCfg = Debug|Any CPU
		{318D778C-FCE5-498D-9EAE-DCFD57518FB9}.Debug|x86.Build.0 = Debug|Any CPU
		{318D778C-FCE5-498D-9EAE-DCFD57518FB9}.Release|Any CPU.ActiveCfg = Release|Any CPU
		{318D778C-FCE5-498D-9EAE-DCFD57518FB9}.Release|Any CPU.Build.0 = Release|Any CPU
		{318D778C-FCE5-498D-9EAE-DCFD57518FB9}.Release|x64.ActiveCfg = Release|Any CPU
		{318D778C-FCE5-498D-9EAE-DCFD57518FB9}.Release|x64.Build.0 = Release|Any CPU
		{318D778C-FCE5-498D-9EAE-DCFD57518FB9}.Release|x86.ActiveCfg = Release|Any CPU
		{318D778C-FCE5-498D-9EAE-DCFD57518FB9}.Release|x86.Build.0 = Release|Any CPU
		{6535F25B-6694-4CA7-A72D-D7287E661C0F}.Debug|Any CPU.ActiveCfg = Debug|Any CPU
		{6535F25B-6694-4CA7-A72D-D7287E661C0F}.Debug|Any CPU.Build.0 = Debug|Any CPU
		{6535F25B-6694-4CA7-A72D-D7287E661C0F}.Debug|x64.ActiveCfg = Debug|Any CPU
		{6535F25B-6694-4CA7-A72D-D7287E661C0F}.Debug|x64.Build.0 = Debug|Any CPU
		{6535F25B-6694-4CA7-A72D-D7287E661C0F}.Debug|x86.ActiveCfg = Debug|Any CPU
		{6535F25B-6694-4CA7-A72D-D7287E661C0F}.Debug|x86.Build.0 = Debug|Any CPU
		{6535F25B-6694-4CA7-A72D-D7287E661C0F}.Release|Any CPU.ActiveCfg = Release|Any CPU
		{6535F25B-6694-4CA7-A72D-D7287E661C0F}.Release|Any CPU.Build.0 = Release|Any CPU
		{6535F25B-6694-4CA7-A72D-D7287E661C0F}.Release|x64.ActiveCfg = Release|Any CPU
		{6535F25B-6694-4CA7-A72D-D7287E661C0F}.Release|x64.Build.0 = Release|Any CPU
		{6535F25B-6694-4CA7-A72D-D7287E661C0F}.Release|x86.ActiveCfg = Release|Any CPU
		{6535F25B-6694-4CA7-A72D-D7287E661C0F}.Release|x86.Build.0 = Release|Any CPU
		{EC1A66A3-43C2-46FF-B8C2-1D4879175458}.Debug|Any CPU.ActiveCfg = Debug|Any CPU
		{EC1A66A3-43C2-46FF-B8C2-1D4879175458}.Debug|Any CPU.Build.0 = Debug|Any CPU
		{EC1A66A3-43C2-46FF-B8C2-1D4879175458}.Debug|x64.ActiveCfg = Debug|Any CPU
		{EC1A66A3-43C2-46FF-B8C2-1D4879175458}.Debug|x64.Build.0 = Debug|Any CPU
		{EC1A66A3-43C2-46FF-B8C2-1D4879175458}.Debug|x86.ActiveCfg = Debug|Any CPU
		{EC1A66A3-43C2-46FF-B8C2-1D4879175458}.Debug|x86.Build.0 = Debug|Any CPU
		{EC1A66A3-43C2-46FF-B8C2-1D4879175458}.Release|Any CPU.ActiveCfg = Release|Any CPU
		{EC1A66A3-43C2-46FF-B8C2-1D4879175458}.Release|Any CPU.Build.0 = Release|Any CPU
		{EC1A66A3-43C2-46FF-B8C2-1D4879175458}.Release|x64.ActiveCfg = Release|Any CPU
		{EC1A66A3-43C2-46FF-B8C2-1D4879175458}.Release|x64.Build.0 = Release|Any CPU
		{EC1A66A3-43C2-46FF-B8C2-1D4879175458}.Release|x86.ActiveCfg = Release|Any CPU
		{EC1A66A3-43C2-46FF-B8C2-1D4879175458}.Release|x86.Build.0 = Release|Any CPU
		{1434144A-2A72-2B34-5DDF-88E32A91D56C}.Debug|Any CPU.ActiveCfg = Debug|Any CPU
		{1434144A-2A72-2B34-5DDF-88E32A91D56C}.Debug|Any CPU.Build.0 = Debug|Any CPU
		{1434144A-2A72-2B34-5DDF-88E32A91D56C}.Debug|x64.ActiveCfg = Debug|Any CPU
		{1434144A-2A72-2B34-5DDF-88E32A91D56C}.Debug|x64.Build.0 = Debug|Any CPU
		{1434144A-2A72-2B34-5DDF-88E32A91D56C}.Debug|x86.ActiveCfg = Debug|Any CPU
		{1434144A-2A72-2B34-5DDF-88E32A91D56C}.Debug|x86.Build.0 = Debug|Any CPU
		{1434144A-2A72-2B34-5DDF-88E32A91D56C}.Release|Any CPU.ActiveCfg = Release|Any CPU
		{1434144A-2A72-2B34-5DDF-88E32A91D56C}.Release|Any CPU.Build.0 = Release|Any CPU
		{1434144A-2A72-2B34-5DDF-88E32A91D56C}.Release|x64.ActiveCfg = Release|Any CPU
		{1434144A-2A72-2B34-5DDF-88E32A91D56C}.Release|x64.Build.0 = Release|Any CPU
		{1434144A-2A72-2B34-5DDF-88E32A91D56C}.Release|x86.ActiveCfg = Release|Any CPU
		{1434144A-2A72-2B34-5DDF-88E32A91D56C}.Release|x86.Build.0 = Release|Any CPU
	EndGlobalSection
	GlobalSection(SolutionProperties) = preSolution
		HideSolutionNode = FALSE
	EndGlobalSection
	GlobalSection(ExtensibilityGlobals) = postSolution
		SolutionGuid = {B171A01B-C265-4CE9-B9CB-4C5E0A91B5F0}
	EndGlobalSection
EndGlobal
