
Microsoft Visual Studio Solution File, Format Version 12.00
# Visual Studio Version 17
VisualStudioVersion = 17.14.37314.3 d17.14
MinimumVisualStudioVersion = 10.0.40219.1
Project("{FAE04EC0-301F-11D3-BF4B-00C04F79EFBC}") = "BOTB64", "BOTB64.csproj", "{C452F519-FF39-4DD8-8DE4-ED8613E1AB83}"
EndProject
Global
	GlobalSection(SolutionConfigurationPlatforms) = preSolution
		Debug|Any CPU = Debug|Any CPU
		Release|Any CPU = Release|Any CPU
	EndGlobalSection
	GlobalSection(ProjectConfigurationPlatforms) = postSolution
		{C452F519-FF39-4DD8-8DE4-ED8613E1AB83}.Debug|Any CPU.ActiveCfg = Debug|Any CPU
		{C452F519-FF39-4DD8-8DE4-ED8613E1AB83}.Debug|Any CPU.Build.0 = Debug|Any CPU
		{C452F519-FF39-4DD8-8DE4-ED8613E1AB83}.Release|Any CPU.ActiveCfg = Release|Any CPU
		{C452F519-FF39-4DD8-8DE4-ED8613E1AB83}.Release|Any CPU.Build.0 = Release|Any CPU
	EndGlobalSection
	GlobalSection(SolutionProperties) = preSolution
		HideSolutionNode = FALSE
	EndGlobalSection
	GlobalSection(ExtensibilityGlobals) = postSolution
		SolutionGuid = {B171A01B-C265-4CE9-B9CB-4C5E0A91B5F0}
	EndGlobalSection
EndGlobal
